github.com/steve-care-software/selector v0.0.1 h1:c3lLXprrT95UkYGdWyNrKfOWAs5w4pT1viKhRoiYl8E=
github.com/steve-care-software/selector v0.0.1/go.mod h1:UNCcr33j76a4TJxzaVSjwnYCddhLJ+pgGt3qBmEkHP8=
github.com/steve-care-software/svm v0.0.1 h1:SV6dMX35jl0d6BbqCaiLCXSjckI063GWcML3YqauADA=
github.com/steve-care-software/svm v0.0.1/go.mod h1:cNYdm3peJmUBpd7oQdlMAUYlFI6pKRc2+CDMzsAyNUE=
github.com/steve-care-software/validator v0.0.0-20220619215535-5fc60dc23003/go.mod h1:WrFRdwZ4hNStJAMzEYlINlZ4NuMr2dbYcyk9RrMfvyo=
github.com/steve-care-software/validator v0.0.1 h1:UBFNzqsvPFXqfGrQhGyZxXQbP+id45racvTV8u9UYm8=
github.com/steve-care-software/validator v0.0.1/go.mod h1:WrFRdwZ4hNStJAMzEYlINlZ4NuMr2dbYcyk9RrMfvyo=
